
Microsoft Visual Studio Solution File, Format Version 12.00
# Visual Studio 15
VisualStudioVersion = 15.0.26730.12
MinimumVisualStudioVersion = 10.0.40219.1
Project("{FAE04EC0-301F-11D3-BF4B-00C04F79EFBC}") = "Labb4Spel", "Labb4Spel\Labb4Spel.csproj", "{DB0EAB78-8B90-458F-A1AB-582013B0945F}"
EndProject
Global
	GlobalSection(SolutionConfigurationPlatforms) = preSolution
		Debug|Any CPU = Debug|Any CPU
		Release|Any CPU = Release|Any CPU
	EndGlobalSection
	GlobalSection(ProjectConfigurationPlatforms) = postSolution
		{DB0EAB78-8B90-458F-A1AB-582013B0945F}.Debug|Any CPU.ActiveCfg = Debug|Any CPU
		{DB0EAB78-8B90-458F-A1AB-582013B0945F}.Debug|Any CPU.Build.0 = Debug|Any CPU
		{DB0EAB78-8B90-458F-A1AB-582013B0945F}.Release|Any CPU.ActiveCfg = Release|Any CPU
		{DB0EAB78-8B90-458F-A1AB-582013B0945F}.Release|Any CPU.Build.0 = Release|Any CPU
	EndGlobalSection
	GlobalSection(SolutionProperties) = preSolution
		HideSolutionNode = FALSE
	EndGlobalSection
	GlobalSection(ExtensibilityGlobals) = postSolution
		SolutionGuid = {31F544A1-1407-4055-B9A9-55B27366C12B}
	EndGlobalSection
EndGlobal
